// !$*UTF8*$!
{
	archiveVersion = 1;
	classes = {
	};
	objectVersion = 50;
	objects = {

/* Begin PBXBuildFile section */
		C89CC69525C8A13F00F3C065 /* DataService.swift in Sources */ = {isa = PBXBuildFile; fileRef = C89CC69425C8A13F00F3C065 /* DataService.swift */; };
		C8A4E5E425C89B4F002C6D85 /* RecipeListApp.swift in Sources */ = {isa = PBXBuildFile; fileRef = C8A4E5E325C89B4F002C6D85 /* RecipeListApp.swift */; };
		C8A4E5E625C89B4F002C6D85 /* ContentView.swift in Sources */ = {isa = PBXBuildFile; fileRef = C8A4E5E525C89B4F002C6D85 /* ContentView.swift */; };
		C8A4E5E825C89B53002C6D85 /* Assets.xcassets in Resources */ = {isa = PBXBuildFile; fileRef = C8A4E5E725C89B53002C6D85 /* Assets.xcassets */; };
		C8A4E5EB25C89B53002C6D85 /* Preview Assets.xcassets in Resources */ = {isa = PBXBuildFile; fileRef = C8A4E5EA25C89B53002C6D85 /* Preview Assets.xcassets */; };
		C8A4E5FA25C89C25002C6D85 /* Recipe.swift in Sources */ = {isa = PBXBuildFile; fileRef = C8A4E5F925C89C25002C6D85 /* Recipe.swift */; };
		C8A4E5FE25C89C35002C6D85 /* RecipeModel.swift in Sources */ = {isa = PBXBuildFile; fileRef = C8A4E5FD25C89C35002C6D85 /* RecipeModel.swift */; };
		C8A4E60125C89C9B002C6D85 /* recipes.json in Resources */ = {isa = PBXBuildFile; fileRef = C8A4E60025C89C9B002C6D85 /* recipes.json */; };
/* End PBXBuildFile section */

/* Begin PBXFileReference section */
		C89CC69425C8A13F00F3C065 /* DataService.swift */ = {isa = PBXFileReference; lastKnownFileType = sourcecode.swift; path = DataService.swift; sourceTree = "<group>"; };
		C8A4E5E025C89B4F002C6D85 /* recipe-list-app.app */ = {isa = PBXFileReference; explicitFileType = wrapper.application; includeInIndex = 0; path = "recipe-list-app.app"; sourceTree = BUILT_PRODUCTS_DIR; };
		C8A4E5E325C89B4F002C6D85 /* RecipeListApp.swift */ = {isa = PBXFileReference; lastKnownFileType = sourcecode.swift; path = RecipeListApp.swift; sourceTree = "<group>"; };
		C8A4E5E525C89B4F002C6D85 /* ContentView.swift */ = {isa = PBXFileReference; lastKnownFileType = sourcecode.swift; path = ContentView.swift; sourceTree = "<group>"; };
		C8A4E5E725C89B53002C6D85 /* Assets.xcassets */ = {isa = PBXFileReference; lastKnownFileType = folder.assetcatalog; path = Assets.xcassets; sourceTree = "<group>"; };
		C8A4E5EA25C89B53002C6D85 /* Preview Assets.xcassets */ = {isa = PBXFileReference; lastKnownFileType = folder.assetcatalog; path = "Preview Assets.xcassets"; sourceTree = "<group>"; };
		C8A4E5EC25C89B53002C6D85 /* Info.plist */ = {isa = PBXFileReference; lastKnownFileType = text.plist.xml; path = Info.plist; sourceTree = "<group>"; };
		C8A4E5F925C89C25002C6D85 /* Recipe.swift */ = {isa = PBXFileReference; lastKnownFileType = sourcecode.swift; path = Recipe.swift; sourceTree = "<group>"; };
		C8A4E5FD25C89C35002C6D85 /* RecipeModel.swift */ = {isa = PBXFileReference; lastKnownFileType = sourcecode.swift; path = RecipeModel.swift; sourceTree = "<group>"; };
		C8A4E60025C89C9B002C6D85 /* recipes.json */ = {isa = PBXFileReference; fileEncoding = 4; lastKnownFileType = text.json; path = recipes.json; sourceTree = "<group>"; };
/* End PBXFileReference section */

/* Begin PBXFrameworksBuildPhase section */
		C8A4E5DD25C89B4F002C6D85 /* Frameworks */ = {
			isa = PBXFrameworksBuildPhase;
			buildActionMask = 2147483647;
			files = (
			);
			runOnlyForDeploymentPostprocessing = 0;
		};
/* End PBXFrameworksBuildPhase section */

/* Begin PBXGroup section */
		C8A4E5D725C89B4F002C6D85 = {
			isa = PBXGroup;
			children = (
				C8A4E5E225C89B4F002C6D85 /* recipe-list-app */,
				C8A4E5E125C89B4F002C6D85 /* Products */,
			);
			sourceTree = "<group>";
		};
		C8A4E5E125C89B4F002C6D85 /* Products */ = {
			isa = PBXGroup;
			children = (
				C8A4E5E025C89B4F002C6D85 /* recipe-list-app.app */,
			);
			name = Products;
			sourceTree = "<group>";
		};
		C8A4E5E225C89B4F002C6D85 /* recipe-list-app */ = {
			isa = PBXGroup;
			children = (
				C8A4E5E325C89B4F002C6D85 /* RecipeListApp.swift */,
				C8A4E5F725C89BCA002C6D85 /* Views */,
				C8A4E5F625C89BC3002C6D85 /* ViewModels */,
				C8A4E5F525C89BBC002C6D85 /* Models */,
				C8A4E5F425C89BB6002C6D85 /* Services */,
				C8A4E5F325C89BAF002C6D85 /* Data */,
				C8A4E5E725C89B53002C6D85 /* Assets.xcassets */,
				C8A4E5EC25C89B53002C6D85 /* Info.plist */,
				C8A4E5E925C89B53002C6D85 /* Preview Content */,
			);
			path = "recipe-list-app";
			sourceTree = "<group>";
		};
		C8A4E5E925C89B53002C6D85 /* Preview Content */ = {
			isa = PBXGroup;
			children = (
				C8A4E5EA25C89B53002C6D85 /* Preview Assets.xcassets */,
			);
			path = "Preview Content";
			sourceTree = "<group>";
		};
		C8A4E5F325C89BAF002C6D85 /* Data */ = {
			isa = PBXGroup;
			children = (
				C8A4E60025C89C9B002C6D85 /* recipes.json */,
			);
			path = Data;
			sourceTree = "<group>";
		};
		C8A4E5F425C89BB6002C6D85 /* Services */ = {
			isa = PBXGroup;
			children = (
				C89CC69425C8A13F00F3C065 /* DataService.swift */,
			);
			path = Services;
			sourceTree = "<group>";
		};
		C8A4E5F525C89BBC002C6D85 /* Models */ = {
			isa = PBXGroup;
			children = (
				C8A4E5F925C89C25002C6D85 /* Recipe.swift */,
			);
			path = Models;
			sourceTree = "<group>";
		};
		C8A4E5F625C89BC3002C6D85 /* ViewModels */ = {
			isa = PBXGroup;
			children = (
				C8A4E5FD25C89C35002C6D85 /* RecipeModel.swift */,
			);
			path = ViewModels;
			sourceTree = "<group>";
		};
		C8A4E5F725C89BCA002C6D85 /* Views */ = {
			isa = PBXGroup;
			children = (
				C8A4E5E525C89B4F002C6D85 /* ContentView.swift */,
			);
			path = Views;
			sourceTree = "<group>";
		};
/* End PBXGroup section */

/* Begin PBXNativeTarget section */
		C8A4E5DF25C89B4F002C6D85 /* recipe-list-app */ = {
			isa = PBXNativeTarget;
			buildConfigurationList = C8A4E5EF25C89B53002C6D85 /* Build configuration list for PBXNativeTarget "recipe-list-app" */;
			buildPhases = (
				C8A4E5DC25C89B4F002C6D85 /* Sources */,
				C8A4E5DD25C89B4F002C6D85 /* Frameworks */,
				C8A4E5DE25C89B4F002C6D85 /* Resources */,
			);
			buildRules = (
			);
			dependencies = (
			);
			name = "recipe-list-app";
			productName = "recipe-list-app";
			productReference = C8A4E5E025C89B4F002C6D85 /* recipe-list-app.app */;
			productType = "com.apple.product-type.application";
		};
/* End PBXNativeTarget section */

/* Begin PBXProject section */
		C8A4E5D825C89B4F002C6D85 /* Project object */ = {
			isa = PBXProject;
			attributes = {
				LastSwiftUpdateCheck = 1230;
				LastUpgradeCheck = 1230;
				TargetAttributes = {
					C8A4E5DF25C89B4F002C6D85 = {
						CreatedOnToolsVersion = 12.3;
					};
				};
			};
			buildConfigurationList = C8A4E5DB25C89B4F002C6D85 /* Build configuration list for PBXProject "recipe-list-app" */;
			compatibilityVersion = "Xcode 9.3";
			developmentRegion = en;
			hasScannedForEncodings = 0;
			knownRegions = (
				en,
				Base,
			);
			mainGroup = C8A4E5D725C89B4F002C6D85;
			productRefGroup = C8A4E5E125C89B4F002C6D85 /* Products */;
			projectDirPath = "";
			projectRoot = "";
			targets = (
				C8A4E5DF25C89B4F002C6D85 /* recipe-list-app */,
			);
		};
/* End PBXProject section */

/* Begin PBXResourcesBuildPhase section */
		C8A4E5DE25C89B4F002C6D85 /* Resources */ = {
			isa = PBXResourcesBuildPhase;
			buildActionMask = 2147483647;
			files = (
				C8A4E5EB25C89B53002C6D85 /* Preview Assets.xcassets in Resources */,
				C8A4E60125C89C9B002C6D85 /* recipes.json in Resources */,
				C8A4E5E825C89B53002C6D85 /* Assets.xcassets in Resources */,
			);
			runOnlyForDeploymentPostprocessing = 0;
		};
/* End PBXResourcesBuildPhase section */

/* Begin PBXSourcesBuildPhase section */
		C8A4E5DC25C89B4F002C6D85 /* Sources */ = {
			isa = PBXSourcesBuildPhase;
			buildActionMask = 2147483647;
			files = (
				C8A4E5E625C89B4F002C6D85 /* ContentView.swift in Sources */,
				C8A4E5FE25C89C35002C6D85 /* RecipeModel.swift in Sources */,
				C8A4E5FA25C89C25002C6D85 /* Recipe.swift in Sources */,
				C8A4E5E425C89B4F002C6D85 /* RecipeListApp.swift in Sources */,
				C89CC69525C8A13F00F3C065 /* DataService.swift in Sources */,
			);
			runOnlyForDeploymentPostprocessing = 0;
		};
/* End PBXSourcesBuildPhase section */

/* Begin XCBuildConfiguration section */
		C8A4E5ED25C89B53002C6D85 /* Debug */ = {
			isa = XCBuildConfiguration;
			buildSettings = {
				ALWAYS_SEARCH_USER_PATHS = NO;
				CLANG_ANALYZER_NONNULL = YES;
				CLANG_ANALYZER_NUMBER_OBJECT_CONVERSION = YES_AGGRESSIVE;
				CLANG_CXX_LANGUAGE_STANDARD = "gnu++14";
				CLANG_CXX_LIBRARY = "libc++";
				CLANG_ENABLE_MODULES = YES;
				CLANG_ENABLE_OBJC_ARC = YES;
				CLANG_ENABLE_OBJC_WEAK = YES;
				CLANG_WARN_BLOCK_CAPTURE_AUTORELEASING = YES;
				CLANG_WARN_BOOL_CONVERSION = YES;
				CLANG_WARN_COMMA = YES;
				CLANG_WARN_CONSTANT_CONVERSION = YES;
				CLANG_WARN_DEPRECATED_OBJC_IMPLEMENTATIONS = YES;
				CLANG_WARN_DIRECT_OBJC_ISA_USAGE = YES_ERROR;
				CLANG_WARN_DOCUMENTATION_COMMENTS = YES;
				CLANG_WARN_EMPTY_BODY = YES;
				CLANG_WARN_ENUM_CONVERSION = YES;
				CLANG_WARN_INFINITE_RECURSION = YES;
				CLANG_WARN_INT_CONVERSION = YES;
				CLANG_WARN_NON_LITERAL_NULL_CONVERSION = YES;
				CLANG_WARN_OBJC_IMPLICIT_RETAIN_SELF = YES;
				CLANG_WARN_OBJC_LITERAL_CONVERSION = YES;
				CLANG_WARN_OBJC_ROOT_CLASS = YES_ERROR;
				CLANG_WARN_QUOTED_INCLUDE_IN_FRAMEWORK_HEADER = YES;
				CLANG_WARN_RANGE_LOOP_ANALYSIS = YES;
				CLANG_WARN_STRICT_PROTOTYPES = YES;
				CLANG_WARN_SUSPICIOUS_MOVE = YES;
				CLANG_WARN_UNGUARDED_AVAILABILITY = YES_AGGRESSIVE;
				CLANG_WARN_UNREACHABLE_CODE = YES;
				CLANG_WARN__DUPLICATE_METHOD_MATCH = YES;
				COPY_PHASE_STRIP = NO;
				DEBUG_INFORMATION_FORMAT = dwarf;
				ENABLE_STRICT_OBJC_MSGSEND = YES;
				ENABLE_TESTABILITY = YES;
				GCC_C_LANGUAGE_STANDARD = gnu11;
				GCC_DYNAMIC_NO_PIC = NO;
				GCC_NO_COMMON_BLOCKS = YES;
				GCC_OPTIMIZATION_LEVEL = 0;
				GCC_PREPROCESSOR_DEFINITIONS = (
					"DEBUG=1",
					"$(inherited)",
				);
				GCC_WARN_64_TO_32_BIT_CONVERSION = YES;
				GCC_WARN_ABOUT_RETURN_TYPE = YES_ERROR;
				GCC_WARN_UNDECLARED_SELECTOR = YES;
				GCC_WARN_UNINITIALIZED_AUTOS = YES_AGGRESSIVE;
				GCC_WARN_UNUSED_FUNCTION = YES;
				GCC_WARN_UNUSED_VARIABLE = YES;
				IPHONEOS_DEPLOYMENT_TARGET = 14.3;
				MTL_ENABLE_DEBUG_INFO = INCLUDE_SOURCE;
				MTL_FAST_MATH = YES;
				ONLY_ACTIVE_ARCH = YES;
				SDKROOT = iphoneos;
				SWIFT_ACTIVE_COMPILATION_CONDITIONS = DEBUG;
				SWIFT_OPTIMIZATION_LEVEL = "-Onone";
			};
			name = Debug;
		};
		C8A4E5EE25C89B53002C6D85 /* Release */ = {
			isa = XCBuildConfiguration;
			buildSettings = {
				ALWAYS_SEARCH_USER_PATHS = NO;
				CLANG_ANALYZER_NONNULL = YES;
				CLANG_ANALYZER_NUMBER_OBJECT_CONVERSION = YES_AGGRESSIVE;
				CLANG_CXX_LANGUAGE_STANDARD = "gnu++14";
				CLANG_CXX_LIBRARY = "libc++";
				CLANG_ENABLE_MODULES = YES;
				CLANG_ENABLE_OBJC_ARC = YES;
				CLANG_ENABLE_OBJC_WEAK = YES;
				CLANG_WARN_BLOCK_CAPTURE_AUTORELEASING = YES;
				CLANG_WARN_BOOL_CONVERSION = YES;
				CLANG_WARN_COMMA = YES;
				CLANG_WARN_CONSTANT_CONVERSION = YES;
				CLANG_WARN_DEPRECATED_OBJC_IMPLEMENTATIONS = YES;
				CLANG_WARN_DIRECT_OBJC_ISA_USAGE = YES_ERROR;
				CLANG_WARN_DOCUMENTATION_COMMENTS = YES;
				CLANG_WARN_EMPTY_BODY = YES;
				CLANG_WARN_ENUM_CONVERSION = YES;
				CLANG_WARN_INFINITE_RECURSION = YES;
				CLANG_WARN_INT_CONVERSION = YES;
				CLANG_WARN_NON_LITERAL_NULL_CONVERSION = YES;
				CLANG_WARN_OBJC_IMPLICIT_RETAIN_SELF = YES;
				CLANG_WARN_OBJC_LITERAL_CONVERSION = YES;
				CLANG_WARN_OBJC_ROOT_CLASS = YES_ERROR;
				CLANG_WARN_QUOTED_INCLUDE_IN_FRAMEWORK_HEADER = YES;
				CLANG_WARN_RANGE_LOOP_ANALYSIS = YES;
				CLANG_WARN_STRICT_PROTOTYPES = YES;
				CLANG_WARN_SUSPICIOUS_MOVE = YES;
				CLANG_WARN_UNGUARDED_AVAILABILITY = YES_AGGRESSIVE;
				CLANG_WARN_UNREACHABLE_CODE = YES;
				CLANG_WARN__DUPLICATE_METHOD_MATCH = YES;
				COPY_PHASE_STRIP = NO;
				DEBUG_INFORMATION_FORMAT = "dwarf-with-dsym";
				ENABLE_NS_ASSERTIONS = NO;
				ENABLE_STRICT_OBJC_MSGSEND = YES;
				GCC_C_LANGUAGE_STANDARD = gnu11;
				GCC_NO_COMMON_BLOCKS = YES;
				GCC_WARN_64_TO_32_BIT_CONVERSION = YES;
				GCC_WARN_ABOUT_RETURN_TYPE = YES_ERROR;
				GCC_WARN_UNDECLARED_SELECTOR = YES;
				GCC_WARN_UNINITIALIZED_AUTOS = YES_AGGRESSIVE;
				GCC_WARN_UNUSED_FUNCTION = YES;
				GCC_WARN_UNUSED_VARIABLE = YES;
				IPHONEOS_DEPLOYMENT_TARGET = 14.3;
				MTL_ENABLE_DEBUG_INFO = NO;
				MTL_FAST_MATH = YES;
				SDKROOT = iphoneos;
				SWIFT_COMPILATION_MODE = wholemodule;
				SWIFT_OPTIMIZATION_LEVEL = "-O";
				VALIDATE_PRODUCT = YES;
			};
			name = Release;
		};
		C8A4E5F025C89B53002C6D85 /* Debug */ = {
			isa = XCBuildConfiguration;
			buildSettings = {
				ASSETCATALOG_COMPILER_APPICON_NAME = AppIcon;
				ASSETCATALOG_COMPILER_GLOBAL_ACCENT_COLOR_NAME = AccentColor;
				CODE_SIGN_STYLE = Automatic;
				DEVELOPMENT_ASSET_PATHS = "\"recipe-list-app/Preview Content\"";
				ENABLE_PREVIEWS = YES;
				INFOPLIST_FILE = "recipe-list-app/Info.plist";
				IPHONEOS_DEPLOYMENT_TARGET = 14.0;
				LD_RUNPATH_SEARCH_PATHS = (
					"$(inherited)",
					"@executable_path/Frameworks",
				);
				PRODUCT_BUNDLE_IDENTIFIER = "com.KyleJSh.recipe-list-app";
				PRODUCT_NAME = "$(TARGET_NAME)";
				SWIFT_VERSION = 5.0;
				TARGETED_DEVICE_FAMILY = "1,2";
			};
			name = Debug;
		};
		C8A4E5F125C89B53002C6D85 /* Release */ = {
			isa = XCBuildConfiguration;
			buildSettings = {
				ASSETCATALOG_COMPILER_APPICON_NAME = AppIcon;
				ASSETCATALOG_COMPILER_GLOBAL_ACCENT_COLOR_NAME = AccentColor;
				CODE_SIGN_STYLE = Automatic;
				DEVELOPMENT_ASSET_PATHS = "\"recipe-list-app/Preview Content\"";
				ENABLE_PREVIEWS = YES;
				INFOPLIST_FILE = "recipe-list-app/Info.plist";
				IPHONEOS_DEPLOYMENT_TARGET = 14.0;
				LD_RUNPATH_SEARCH_PATHS = (
					"$(inherited)",
					"@executable_path/Frameworks",
				);
				PRODUCT_BUNDLE_IDENTIFIER = "com.KyleJSh.recipe-list-app";
				PRODUCT_NAME = "$(TARGET_NAME)";
				SWIFT_VERSION = 5.0;
				TARGETED_DEVICE_FAMILY = "1,2";
			};
			name = Release;
		};
/* End XCBuildConfiguration section */

/* Begin XCConfigurationList section */
		C8A4E5DB25C89B4F002C6D85 /* Build configuration list for PBXProject "recipe-list-app" */ = {
			isa = XCConfigurationList;
			buildConfigurations = (
				C8A4E5ED25C89B53002C6D85 /* Debug */,
				C8A4E5EE25C89B53002C6D85 /* Release */,
			);
			defaultConfigurationIsVisible = 0;
			defaultConfigurationName = Release;
		};
		C8A4E5EF25C89B53002C6D85 /* Build configuration list for PBXNativeTarget "recipe-list-app" */ = {
			isa = XCConfigurationList;
			buildConfigurations = (
				C8A4E5F025C89B53002C6D85 /* Debug */,
				C8A4E5F125C89B53002C6D85 /* Release */,
			);
			defaultConfigurationIsVisible = 0;
			defaultConfigurationName = Release;
		};
/* End XCConfigurationList section */
	};
	rootObject = C8A4E5D825C89B4F002C6D85 /* Project object */;
}
